// !$*UTF8*$!
{
	archiveVersion = 1;
	classes = {
	};
	objectVersion = 46;
	objects = {

/* Begin PBXBuildFile section */
		F057EC921EEDA4B4009DAFB1 /* AddItemViewController.swift in Sources */ = {isa = PBXBuildFile; fileRef = F057EC911EEDA4B4009DAFB1 /* AddItemViewController.swift */; };
		F06584531EED941D000E9D5D /* MasterTableViewController.swift in Sources */ = {isa = PBXBuildFile; fileRef = F06584521EED941D000E9D5D /* MasterTableViewController.swift */; };
		F06FEAE41EED8CA1001D55EC /* AppDelegate.swift in Sources */ = {isa = PBXBuildFile; fileRef = F06FEAE31EED8CA1001D55EC /* AppDelegate.swift */; };
		F06FEAE91EED8CA1001D55EC /* Main.storyboard in Resources */ = {isa = PBXBuildFile; fileRef = F06FEAE71EED8CA1001D55EC /* Main.storyboard */; };
		F06FEAEB1EED8CA1001D55EC /* Assets.xcassets in Resources */ = {isa = PBXBuildFile; fileRef = F06FEAEA1EED8CA1001D55EC /* Assets.xcassets */; };
		F06FEAEE1EED8CA1001D55EC /* LaunchScreen.storyboard in Resources */ = {isa = PBXBuildFile; fileRef = F06FEAEC1EED8CA1001D55EC /* LaunchScreen.storyboard */; };
/* End PBXBuildFile section */

/* Begin PBXFileReference section */
		F057EC911EEDA4B4009DAFB1 /* AddItemViewController.swift */ = {isa = PBXFileReference; fileEncoding = 4; lastKnownFileType = sourcecode.swift; path = AddItemViewController.swift; sourceTree = "<group>"; };
		F06584521EED941D000E9D5D /* MasterTableViewController.swift */ = {isa = PBXFileReference; fileEncoding = 4; lastKnownFileType = sourcecode.swift; path = MasterTableViewController.swift; sourceTree = "<group>"; };
		F06FEAE01EED8CA1001D55EC /* Todolist-App.app */ = {isa = PBXFileReference; explicitFileType = wrapper.application; includeInIndex = 0; path = "Todolist-App.app"; sourceTree = BUILT_PRODUCTS_DIR; };
		F06FEAE31EED8CA1001D55EC /* AppDelegate.swift */ = {isa = PBXFileReference; lastKnownFileType = sourcecode.swift; path = AppDelegate.swift; sourceTree = "<group>"; };
		F06FEAE81EED8CA1001D55EC /* Base */ = {isa = PBXFileReference; lastKnownFileType = file.storyboard; name = Base; path = Base.lproj/Main.storyboard; sourceTree = "<group>"; };
		F06FEAEA1EED8CA1001D55EC /* Assets.xcassets */ = {isa = PBXFileReference; lastKnownFileType = folder.assetcatalog; path = Assets.xcassets; sourceTree = "<group>"; };
		F06FEAED1EED8CA1001D55EC /* Base */ = {isa = PBXFileReference; lastKnownFileType = file.storyboard; name = Base; path = Base.lproj/LaunchScreen.storyboard; sourceTree = "<group>"; };
		F06FEAEF1EED8CA1001D55EC /* Info.plist */ = {isa = PBXFileReference; lastKnownFileType = text.plist.xml; path = Info.plist; sourceTree = "<group>"; };
/* End PBXFileReference section */

/* Begin PBXFrameworksBuildPhase section */
		F06FEADD1EED8CA1001D55EC /* Frameworks */ = {
			isa = PBXFrameworksBuildPhase;
			buildActionMask = 2147483647;
			files = (
			);
			runOnlyForDeploymentPostprocessing = 0;
		};
/* End PBXFrameworksBuildPhase section */

/* Begin PBXGroup section */
		F06FEAD71EED8CA0001D55EC = {
			isa = PBXGroup;
			children = (
				F06584521EED941D000E9D5D /* MasterTableViewController.swift */,
				F06FEAE21EED8CA1001D55EC /* Todolist-App */,
				F06FEAE11EED8CA1001D55EC /* Products */,
			);
			sourceTree = "<group>";
		};
		F06FEAE11EED8CA1001D55EC /* Products */ = {
			isa = PBXGroup;
			children = (
				F06FEAE01EED8CA1001D55EC /* Todolist-App.app */,
			);
			name = Products;
			sourceTree = "<group>";
		};
		F06FEAE21EED8CA1001D55EC /* Todolist-App */ = {
			isa = PBXGroup;
			children = (
				F06FEAE31EED8CA1001D55EC /* AppDelegate.swift */,
				F06FEAE71EED8CA1001D55EC /* Main.storyboard */,
				F057EC911EEDA4B4009DAFB1 /* AddItemViewController.swift */,
				F06FEAEA1EED8CA1001D55EC /* Assets.xcassets */,
				F06FEAEC1EED8CA1001D55EC /* LaunchScreen.storyboard */,
				F06FEAEF1EED8CA1001D55EC /* Info.plist */,
			);
			path = "Todolist-App";
			sourceTree = "<group>";
		};
/* End PBXGroup section */

/* Begin PBXNativeTarget section */
		F06FEADF1EED8CA1001D55EC /* Todolist-App */ = {
			isa = PBXNativeTarget;
			buildConfigurationList = F06FEAF21EED8CA1001D55EC /* Build configuration list for PBXNativeTarget "Todolist-App" */;
			buildPhases = (
				F06FEADC1EED8CA1001D55EC /* Sources */,
				F06FEADD1EED8CA1001D55EC /* Frameworks */,
				F06FEADE1EED8CA1001D55EC /* Resources */,
			);
			buildRules = (
			);
			dependencies = (
			);
			name = "Todolist-App";
			productName = "Todolist-App";
			productReference = F06FEAE01EED8CA1001D55EC /* Todolist-App.app */;
			productType = "com.apple.product-type.application";
		};
/* End PBXNativeTarget section */

/* Begin PBXProject section */
		F06FEAD81EED8CA0001D55EC /* Project object */ = {
			isa = PBXProject;
			attributes = {
				LastSwiftUpdateCheck = 0830;
				LastUpgradeCheck = 0830;
				TargetAttributes = {
					F06FEADF1EED8CA1001D55EC = {
						CreatedOnToolsVersion = 8.3.3;
						ProvisioningStyle = Automatic;
					};
				};
			};
			buildConfigurationList = F06FEADB1EED8CA0001D55EC /* Build configuration list for PBXProject "Todolist-App" */;
			compatibilityVersion = "Xcode 3.2";
			developmentRegion = English;
			hasScannedForEncodings = 0;
			knownRegions = (
				en,
				Base,
			);
			mainGroup = F06FEAD71EED8CA0001D55EC;
			productRefGroup = F06FEAE11EED8CA1001D55EC /* Products */;
			projectDirPath = "";
			projectRoot = "";
			targets = (
				F06FEADF1EED8CA1001D55EC /* Todolist-App */,
			);
		};
/* End PBXProject section */

/* Begin PBXResourcesBuildPhase section */
		F06FEADE1EED8CA1001D55EC /* Resources */ = {
			isa = PBXResourcesBuildPhase;
			buildActionMask = 2147483647;
			files = (
				F06FEAEE1EED8CA1001D55EC /* LaunchScreen.storyboard in Resources */,
				F06FEAEB1EED8CA1001D55EC /* Assets.xcassets in Resources */,
				F06FEAE91EED8CA1001D55EC /* Main.storyboard in Resources */,
			);
			runOnlyForDeploymentPostprocessing = 0;
		};
/* End PBXResourcesBuildPhase section */

/* Begin PBXSourcesBuildPhase section */
		F06FEADC1EED8CA1001D55EC /* Sources */ = {
			isa = PBXSourcesBuildPhase;
			buildActionMask = 2147483647;
			files = (
				F06FEAE41EED8CA1001D55EC /* AppDelegate.swift in Sources */,
				F06584531EED941D000E9D5D /* MasterTableViewController.swift in Sources */,
				F057EC921EEDA4B4009DAFB1 /* AddItemViewController.swift in Sources */,
			);
			runOnlyForDeploymentPostprocessing = 0;
		};
/* End PBXSourcesBuildPhase section */

/* Begin PBXVariantGroup section */
		F06FEAE71EED8CA1001D55EC /* Main.storyboard */ = {
			isa = PBXVariantGroup;
			children = (
				F06FEAE81EED8CA1001D55EC /* Base */,
			);
			name = Main.storyboard;
			sourceTree = "<group>";
		};
		F06FEAEC1EED8CA1001D55EC /* LaunchScreen.storyboard */ = {
			isa = PBXVariantGroup;
			children = (
				F06FEAED1EED8CA1001D55EC /* Base */,
			);
			name = LaunchScreen.storyboard;
			sourceTree = "<group>";
		};
/* End PBXVariantGroup section */

/* Begin XCBuildConfiguration section */
		F06FEAF01EED8CA1001D55EC /* Debug */ = {
			isa = XCBuildConfiguration;
			buildSettings = {
				ALWAYS_SEARCH_USER_PATHS = NO;
				CLANG_ANALYZER_NONNULL = YES;
				CLANG_ANALYZER_NUMBER_OBJECT_CONVERSION = YES_AGGRESSIVE;
				CLANG_CXX_LANGUAGE_STANDARD = "gnu++0x";
				CLANG_CXX_LIBRARY = "libc++";
				CLANG_ENABLE_MODULES = YES;
				CLANG_ENABLE_OBJC_ARC = YES;
				CLANG_WARN_BOOL_CONVERSION = YES;
				CLANG_WARN_CONSTANT_CONVERSION = YES;
				CLANG_WARN_DIRECT_OBJC_ISA_USAGE = YES_ERROR;
				CLANG_WARN_DOCUMENTATION_COMMENTS = YES;
				CLANG_WARN_EMPTY_BODY = YES;
				CLANG_WARN_ENUM_CONVERSION = YES;
				CLANG_WARN_INFINITE_RECURSION = YES;
				CLANG_WARN_INT_CONVERSION = YES;
				CLANG_WARN_OBJC_ROOT_CLASS = YES_ERROR;
				CLANG_WARN_SUSPICIOUS_MOVE = YES;
				CLANG_WARN_UNREACHABLE_CODE = YES;
				CLANG_WARN__DUPLICATE_METHOD_MATCH = YES;
				"CODE_SIGN_IDENTITY[sdk=iphoneos*]" = "iPhone Developer";
				COPY_PHASE_STRIP = NO;
				DEBUG_INFORMATION_FORMAT = dwarf;
				ENABLE_STRICT_OBJC_MSGSEND = YES;
				ENABLE_TESTABILITY = YES;
				GCC_C_LANGUAGE_STANDARD = gnu99;
				GCC_DYNAMIC_NO_PIC = NO;
				GCC_NO_COMMON_BLOCKS = YES;
				GCC_OPTIMIZATION_LEVEL = 0;
				GCC_PREPROCESSOR_DEFINITIONS = (
					"DEBUG=1",
					"$(inherited)",
				);
				GCC_WARN_64_TO_32_BIT_CONVERSION = YES;
				GCC_WARN_ABOUT_RETURN_TYPE = YES_ERROR;
				GCC_WARN_UNDECLARED_SELECTOR = YES;
				GCC_WARN_UNINITIALIZED_AUTOS = YES_AGGRESSIVE;
				GCC_WARN_UNUSED_FUNCTION = YES;
				GCC_WARN_UNUSED_VARIABLE = YES;
				IPHONEOS_DEPLOYMENT_TARGET = 10.3;
				MTL_ENABLE_DEBUG_INFO = YES;
				ONLY_ACTIVE_ARCH = YES;
				SDKROOT = iphoneos;
				SWIFT_ACTIVE_COMPILATION_CONDITIONS = DEBUG;
				SWIFT_OPTIMIZATION_LEVEL = "-Onone";
				TARGETED_DEVICE_FAMILY = "1,2";
			};
			name = Debug;
		};
		F06FEAF11EED8CA1001D55EC /* Release */ = {
			isa = XCBuildConfiguration;
			buildSettings = {
				ALWAYS_SEARCH_USER_PATHS = NO;
				CLANG_ANALYZER_NONNULL = YES;
				CLANG_ANALYZER_NUMBER_OBJECT_CONVERSION = YES_AGGRESSIVE;
				CLANG_CXX_LANGUAGE_STANDARD = "gnu++0x";
				CLANG_CXX_LIBRARY = "libc++";
				CLANG_ENABLE_MODULES = YES;
				CLANG_ENABLE_OBJC_ARC = YES;
				CLANG_WARN_BOOL_CONVERSION = YES;
				CLANG_WARN_CONSTANT_CONVERSION = YES;
				CLANG_WARN_DIRECT_OBJC_ISA_USAGE = YES_ERROR;
				CLANG_WARN_DOCUMENTATION_COMMENTS = YES;
				CLANG_WARN_EMPTY_BODY = YES;
				CLANG_WARN_ENUM_CONVERSION = YES;
				CLANG_WARN_INFINITE_RECURSION = YES;
				CLANG_WARN_INT_CONVERSION = YES;
				CLANG_WARN_OBJC_ROOT_CLASS = YES_ERROR;
				CLANG_WARN_SUSPICIOUS_MOVE = YES;
				CLANG_WARN_UNREACHABLE_CODE = YES;
				CLANG_WARN__DUPLICATE_METHOD_MATCH = YES;
				"CODE_SIGN_IDENTITY[sdk=iphoneos*]" = "iPhone Developer";
				COPY_PHASE_STRIP = NO;
				DEBUG_INFORMATION_FORMAT = "dwarf-with-dsym";
				ENABLE_NS_ASSERTIONS = NO;
				ENABLE_STRICT_OBJC_MSGSEND = YES;
				GCC_C_LANGUAGE_STANDARD = gnu99;
				GCC_NO_COMMON_BLOCKS = YES;
				GCC_WARN_64_TO_32_BIT_CONVERSION = YES;
				GCC_WARN_ABOUT_RETURN_TYPE = YES_ERROR;
				GCC_WARN_UNDECLARED_SELECTOR = YES;
				GCC_WARN_UNINITIALIZED_AUTOS = YES_AGGRESSIVE;
				GCC_WARN_UNUSED_FUNCTION = YES;
				GCC_WARN_UNUSED_VARIABLE = YES;
				IPHONEOS_DEPLOYMENT_TARGET = 10.3;
				MTL_ENABLE_DEBUG_INFO = NO;
				SDKROOT = iphoneos;
				SWIFT_OPTIMIZATION_LEVEL = "-Owholemodule";
				TARGETED_DEVICE_FAMILY = "1,2";
				VALIDATE_PRODUCT = YES;
			};
			name = Release;
		};
		F06FEAF31EED8CA1001D55EC /* Debug */ = {
			isa = XCBuildConfiguration;
			buildSettings = {
				ASSETCATALOG_COMPILER_APPICON_NAME = AppIcon;
				INFOPLIST_FILE = "Todolist-App/Info.plist";
				LD_RUNPATH_SEARCH_PATHS = "$(inherited) @executable_path/Frameworks";
				PRODUCT_BUNDLE_IDENTIFIER = "krizia.Todolist-App";
				PRODUCT_NAME = "$(TARGET_NAME)";
				SWIFT_VERSION = 3.0;
			};
			name = Debug;
		};
		F06FEAF41EED8CA1001D55EC /* Release */ = {
			isa = XCBuildConfiguration;
			buildSettings = {
				ASSETCATALOG_COMPILER_APPICON_NAME = AppIcon;
				INFOPLIST_FILE = "Todolist-App/Info.plist";
				LD_RUNPATH_SEARCH_PATHS = "$(inherited) @executable_path/Frameworks";
				PRODUCT_BUNDLE_IDENTIFIER = "krizia.Todolist-App";
				PRODUCT_NAME = "$(TARGET_NAME)";
				SWIFT_VERSION = 3.0;
			};
			name = Release;
		};
/* End XCBuildConfiguration section */

/* Begin XCConfigurationList section */
		F06FEADB1EED8CA0001D55EC /* Build configuration list for PBXProject "Todolist-App" */ = {
			isa = XCConfigurationList;
			buildConfigurations = (
				F06FEAF01EED8CA1001D55EC /* Debug */,
				F06FEAF11EED8CA1001D55EC /* Release */,
			);
			defaultConfigurationIsVisible = 0;
			defaultConfigurationName = Release;
		};
		F06FEAF21EED8CA1001D55EC /* Build configuration list for PBXNativeTarget "Todolist-App" */ = {
			isa = XCConfigurationList;
			buildConfigurations = (
				F06FEAF31EED8CA1001D55EC /* Debug */,
				F06FEAF41EED8CA1001D55EC /* Release */,
			);
			defaultConfigurationIsVisible = 0;
			defaultConfigurationName = Release;
		};
/* End XCConfigurationList section */
	};
	rootObject = F06FEAD81EED8CA0001D55EC /* Project object */;
}
